
Microsoft Visual Studio Solution File, Format Version 12.00
# Visual Studio Version 16
VisualStudioVersion = 16.0.29806.167
MinimumVisualStudioVersion = 10.0.40219.1
Project("{8BC9CEB8-8B4A-11D0-8D11-00A0C91BC942}") = "sourcelinkmain", "sourcelinkmain\sourcelinkmain.vcxproj", "{CFDA21DA-0779-48A0-86E8-A975C9372DD4}"
EndProject
Global
	GlobalSection(SolutionConfigurationPlatforms) = preSolution
		Debug|x64 = Debug|x64
		Debug|x86 = Debug|x86
		Release|x64 = Release|x64
		Release|x86 = Release|x86
	EndGlobalSection
	GlobalSection(ProjectConfigurationPlatforms) = postSolution
		{CFDA21DA-0779-48A0-86E8-A975C9372DD4}.Debug|x64.ActiveCfg = Debug|x64
		{CFDA21DA-0779-48A0-86E8-A975C9372DD4}.Debug|x64.Build.0 = Debug|x64
		{CFDA21DA-0779-48A0-86E8-A975C9372DD4}.Debug|x86.ActiveCfg = Debug|Win32
		{CFDA21DA-0779-48A0-86E8-A975C9372DD4}.Debug|x86.Build.0 = Debug|Win32
		{CFDA21DA-0779-48A0-86E8-A975C9372DD4}.Release|x64.ActiveCfg = Release|x64
		{CFDA21DA-0779-48A0-86E8-A975C9372DD4}.Release|x64.Build.0 = Release|x64
		{CFDA21DA-0779-48A0-86E8-A975C9372DD4}.Release|x86.ActiveCfg = Release|Win32
		{CFDA21DA-0779-48A0-86E8-A975C9372DD4}.Release|x86.Build.0 = Release|Win32
	EndGlobalSection
	GlobalSection(SolutionProperties) = preSolution
		HideSolutionNode = FALSE
	EndGlobalSection
	GlobalSection(ExtensibilityGlobals) = postSolution
		SolutionGuid = {DC25062D-42B7-4243-BFB7-E6EB46330CF2}
	EndGlobalSection
EndGlobal
